
Microsoft Visual Studio Solution File, Format Version 12.00
# Visual Studio Version 17
VisualStudioVersion = 17.1.32421.90
MinimumVisualStudioVersion = 10.0.40219.1
Project("{FAE04EC0-301F-11D3-BF4B-00C04F79EFBC}") = "Sistema_Login_Simples", "Sistema_Login_Simples\Sistema_Login_Simples.csproj", "{3046E656-D81F-4789-A2F3-827ED0B1F59D}"
EndProject
Global
	GlobalSection(SolutionConfigurationPlatforms) = preSolution
		Debug|Any CPU = Debug|Any CPU
		Release|Any CPU = Release|Any CPU
	EndGlobalSection
	GlobalSection(ProjectConfigurationPlatforms) = postSolution
		{3046E656-D81F-4789-A2F3-827ED0B1F59D}.Debug|Any CPU.ActiveCfg = Debug|Any CPU
		{3046E656-D81F-4789-A2F3-827ED0B1F59D}.Debug|Any CPU.Build.0 = Debug|Any CPU
		{3046E656-D81F-4789-A2F3-827ED0B1F59D}.Release|Any CPU.ActiveCfg = Release|Any CPU
		{3046E656-D81F-4789-A2F3-827ED0B1F59D}.Release|Any CPU.Build.0 = Release|Any CPU
	EndGlobalSection
	GlobalSection(SolutionProperties) = preSolution
		HideSolutionNode = FALSE
	EndGlobalSection
	GlobalSection(ExtensibilityGlobals) = postSolution
		SolutionGuid = {605FD8E9-C6F5-4BF6-ACD9-5B8E93F2F933}
	EndGlobalSection
EndGlobal
